
Microsoft Visual Studio Solution File, Format Version 12.00
# Visual Studio Version 17
VisualStudioVersion = 17.4.33205.214
MinimumVisualStudioVersion = 10.0.40219.1
Project("{FAE04EC0-301F-11D3-BF4B-00C04F79EFBC}") = "Parctical8", "Parctical8\Parctical8.csproj", "{4518935B-DCBA-4297-AFBF-9A31C4B36052}"
EndProject
Global
	GlobalSection(SolutionConfigurationPlatforms) = preSolution
		Debug|Any CPU = Debug|Any CPU
		Release|Any CPU = Release|Any CPU
	EndGlobalSection
	GlobalSection(ProjectConfigurationPlatforms) = postSolution
		{4518935B-DCBA-4297-AFBF-9A31C4B36052}.Debug|Any CPU.ActiveCfg = Debug|Any CPU
		{4518935B-DCBA-4297-AFBF-9A31C4B36052}.Debug|Any CPU.Build.0 = Debug|Any CPU
		{4518935B-DCBA-4297-AFBF-9A31C4B36052}.Release|Any CPU.ActiveCfg = Release|Any CPU
		{4518935B-DCBA-4297-AFBF-9A31C4B36052}.Release|Any CPU.Build.0 = Release|Any CPU
	EndGlobalSection
	GlobalSection(SolutionProperties) = preSolution
		HideSolutionNode = FALSE
	EndGlobalSection
	GlobalSection(ExtensibilityGlobals) = postSolution
		SolutionGuid = {9F1A7260-8084-4C34-A55D-38E8541274C7}
	EndGlobalSection
EndGlobal
